
Microsoft Visual Studio Solution File, Format Version 12.00
# Visual Studio Version 17
VisualStudioVersion = 17.7.34031.279
MinimumVisualStudioVersion = 10.0.40219.1
Project("{FAE04EC0-301F-11D3-BF4B-00C04F79EFBC}") = "01.ActionPrint", "01.ActionPrint\01.ActionPrint.csproj", "{35610338-39E2-43E2-AC99-88E0A4F01FD0}"
EndProject
Project("{FAE04EC0-301F-11D3-BF4B-00C04F79EFBC}") = "02.KnightsofHonor", "02.KnightsofHonor\02.KnightsofHonor.csproj", "{5046A7D1-8272-451B-8702-B32EA8439003}"
EndProject
Project("{FAE04EC0-301F-11D3-BF4B-00C04F79EFBC}") = "CustomMinFunction", "CustomMinFunction\CustomMinFunction.csproj", "{CD19CEB0-1118-414E-9321-8DB8C5E3F361}"
EndProject
Project("{FAE04EC0-301F-11D3-BF4B-00C04F79EFBC}") = "04.FindEvensorOdds", "04.FindEvensorOdds\04.FindEvensorOdds.csproj", "{6ADE3E2A-7246-4D35-A405-0C95401A0CA8}"
EndProject
Global
	GlobalSection(SolutionConfigurationPlatforms) = preSolution
		Debug|Any CPU = Debug|Any CPU
		Release|Any CPU = Release|Any CPU
	EndGlobalSection
	GlobalSection(ProjectConfigurationPlatforms) = postSolution
		{35610338-39E2-43E2-AC99-88E0A4F01FD0}.Debug|Any CPU.ActiveCfg = Debug|Any CPU
		{35610338-39E2-43E2-AC99-88E0A4F01FD0}.Debug|Any CPU.Build.0 = Debug|Any CPU
		{35610338-39E2-43E2-AC99-88E0A4F01FD0}.Release|Any CPU.ActiveCfg = Release|Any CPU
		{35610338-39E2-43E2-AC99-88E0A4F01FD0}.Release|Any CPU.Build.0 = Release|Any CPU
		{5046A7D1-8272-451B-8702-B32EA8439003}.Debug|Any CPU.ActiveCfg = Debug|Any CPU
		{5046A7D1-8272-451B-8702-B32EA8439003}.Debug|Any CPU.Build.0 = Debug|Any CPU
		{5046A7D1-8272-451B-8702-B32EA8439003}.Release|Any CPU.ActiveCfg = Release|Any CPU
		{5046A7D1-8272-451B-8702-B32EA8439003}.Release|Any CPU.Build.0 = Release|Any CPU
		{CD19CEB0-1118-414E-9321-8DB8C5E3F361}.Debug|Any CPU.ActiveCfg = Debug|Any CPU
		{CD19CEB0-1118-414E-9321-8DB8C5E3F361}.Debug|Any CPU.Build.0 = Debug|Any CPU
		{CD19CEB0-1118-414E-9321-8DB8C5E3F361}.Release|Any CPU.ActiveCfg = Release|Any CPU
		{CD19CEB0-1118-414E-9321-8DB8C5E3F361}.Release|Any CPU.Build.0 = Release|Any CPU
		{6ADE3E2A-7246-4D35-A405-0C95401A0CA8}.Debug|Any CPU.ActiveCfg = Debug|Any CPU
		{6ADE3E2A-7246-4D35-A405-0C95401A0CA8}.Debug|Any CPU.Build.0 = Debug|Any CPU
		{6ADE3E2A-7246-4D35-A405-0C95401A0CA8}.Release|Any CPU.ActiveCfg = Release|Any CPU
		{6ADE3E2A-7246-4D35-A405-0C95401A0CA8}.Release|Any CPU.Build.0 = Release|Any CPU
	EndGlobalSection
	GlobalSection(SolutionProperties) = preSolution
		HideSolutionNode = FALSE
	EndGlobalSection
	GlobalSection(ExtensibilityGlobals) = postSolution
		SolutionGuid = {D50F2B0E-0139-4DF0-B7E3-DD022B54CFCE}
	EndGlobalSection
EndGlobal
