
Microsoft Visual Studio Solution File, Format Version 12.00
# Visual Studio Version 17
VisualStudioVersion = 17.4.33403.182
MinimumVisualStudioVersion = 10.0.40219.1
Project("{9A19103F-16F7-4668-BE54-9A1E7A4F7556}") = "01.OldBooks", "01.OldBooks\01.OldBooks.csproj", "{5706BD33-4E79-497B-92DC-1356ABDB31EB}"
EndProject
Project("{9A19103F-16F7-4668-BE54-9A1E7A4F7556}") = "02.ExamPreparation", "02.ExamPreparation\02.ExamPreparation.csproj", "{18823D4C-C8EE-4759-B0D6-085750B87BCD}"
EndProject
Project("{9A19103F-16F7-4668-BE54-9A1E7A4F7556}") = "03.Vacation", "03.Vacation\03.Vacation.csproj", "{049AA614-575A-4BEE-81A6-5CC250038D6B}"
EndProject
Project("{9A19103F-16F7-4668-BE54-9A1E7A4F7556}") = "vacantion 1", "vacantion 1\vacantion 1.csproj", "{0239CFF5-B324-4263-8081-4E8C3090B60F}"
EndProject
Project("{9A19103F-16F7-4668-BE54-9A1E7A4F7556}") = "Coin", "Coin\Coin.csproj", "{D6A89BC6-E53B-44D5-B40D-1CB897951E14}"
EndProject
Global
	GlobalSection(SolutionConfigurationPlatforms) = preSolution
		Debug|Any CPU = Debug|Any CPU
		Release|Any CPU = Release|Any CPU
	EndGlobalSection
	GlobalSection(ProjectConfigurationPlatforms) = postSolution
		{5706BD33-4E79-497B-92DC-1356ABDB31EB}.Debug|Any CPU.ActiveCfg = Debug|Any CPU
		{5706BD33-4E79-497B-92DC-1356ABDB31EB}.Debug|Any CPU.Build.0 = Debug|Any CPU
		{5706BD33-4E79-497B-92DC-1356ABDB31EB}.Release|Any CPU.ActiveCfg = Release|Any CPU
		{5706BD33-4E79-497B-92DC-1356ABDB31EB}.Release|Any CPU.Build.0 = Release|Any CPU
		{18823D4C-C8EE-4759-B0D6-085750B87BCD}.Debug|Any CPU.ActiveCfg = Debug|Any CPU
		{18823D4C-C8EE-4759-B0D6-085750B87BCD}.Debug|Any CPU.Build.0 = Debug|Any CPU
		{18823D4C-C8EE-4759-B0D6-085750B87BCD}.Release|Any CPU.ActiveCfg = Release|Any CPU
		{18823D4C-C8EE-4759-B0D6-085750B87BCD}.Release|Any CPU.Build.0 = Release|Any CPU
		{049AA614-575A-4BEE-81A6-5CC250038D6B}.Debug|Any CPU.ActiveCfg = Debug|Any CPU
		{049AA614-575A-4BEE-81A6-5CC250038D6B}.Debug|Any CPU.Build.0 = Debug|Any CPU
		{049AA614-575A-4BEE-81A6-5CC250038D6B}.Release|Any CPU.ActiveCfg = Release|Any CPU
		{049AA614-575A-4BEE-81A6-5CC250038D6B}.Release|Any CPU.Build.0 = Release|Any CPU
		{0239CFF5-B324-4263-8081-4E8C3090B60F}.Debug|Any CPU.ActiveCfg = Debug|Any CPU
		{0239CFF5-B324-4263-8081-4E8C3090B60F}.Debug|Any CPU.Build.0 = Debug|Any CPU
		{0239CFF5-B324-4263-8081-4E8C3090B60F}.Release|Any CPU.ActiveCfg = Release|Any CPU
		{0239CFF5-B324-4263-8081-4E8C3090B60F}.Release|Any CPU.Build.0 = Release|Any CPU
		{D6A89BC6-E53B-44D5-B40D-1CB897951E14}.Debug|Any CPU.ActiveCfg = Debug|Any CPU
		{D6A89BC6-E53B-44D5-B40D-1CB897951E14}.Debug|Any CPU.Build.0 = Debug|Any CPU
		{D6A89BC6-E53B-44D5-B40D-1CB897951E14}.Release|Any CPU.ActiveCfg = Release|Any CPU
		{D6A89BC6-E53B-44D5-B40D-1CB897951E14}.Release|Any CPU.Build.0 = Release|Any CPU
	EndGlobalSection
	GlobalSection(SolutionProperties) = preSolution
		HideSolutionNode = FALSE
	EndGlobalSection
	GlobalSection(ExtensibilityGlobals) = postSolution
		SolutionGuid = {AED8559E-3D13-4002-96F8-1DA724B6A6B5}
	EndGlobalSection
EndGlobal
