
Microsoft Visual Studio Solution File, Format Version 12.00
# Visual Studio Version 17
VisualStudioVersion = 17.4.33403.182
MinimumVisualStudioVersion = 10.0.40219.1
Project("{9A19103F-16F7-4668-BE54-9A1E7A4F7556}") = "01. Number Pyramid", "01. Number Pyramid\01. Number Pyramid.csproj", "{5D87CC94-983E-40F2-9749-19317031CD88}"
EndProject
Project("{FAE04EC0-301F-11D3-BF4B-00C04F79EFBC}") = "02. Equal Sums Even Odd Position", "02. Equal Sums Even Odd Position\02. Equal Sums Even Odd Position.csproj", "{25FD6BE1-B9E0-4742-B4B1-64C42AC40DC6}"
EndProject
Project("{FAE04EC0-301F-11D3-BF4B-00C04F79EFBC}") = "05. Special Numbers", "05. Special Numbers\05. Special Numbers.csproj", "{2F221756-228A-4FDE-AEAA-3903BC76C2F3}"
EndProject
Project("{FAE04EC0-301F-11D3-BF4B-00C04F79EFBC}") = "05. Special Numbers  variant 2", "05. Special Numbers  variant 2\05. Special Numbers  variant 2.csproj", "{40156043-931A-48B6-B8BF-A426524E9BA3}"
EndProject
Global
	GlobalSection(SolutionConfigurationPlatforms) = preSolution
		Debug|Any CPU = Debug|Any CPU
		Release|Any CPU = Release|Any CPU
	EndGlobalSection
	GlobalSection(ProjectConfigurationPlatforms) = postSolution
		{5D87CC94-983E-40F2-9749-19317031CD88}.Debug|Any CPU.ActiveCfg = Debug|Any CPU
		{5D87CC94-983E-40F2-9749-19317031CD88}.Debug|Any CPU.Build.0 = Debug|Any CPU
		{5D87CC94-983E-40F2-9749-19317031CD88}.Release|Any CPU.ActiveCfg = Release|Any CPU
		{5D87CC94-983E-40F2-9749-19317031CD88}.Release|Any CPU.Build.0 = Release|Any CPU
		{25FD6BE1-B9E0-4742-B4B1-64C42AC40DC6}.Debug|Any CPU.ActiveCfg = Debug|Any CPU
		{25FD6BE1-B9E0-4742-B4B1-64C42AC40DC6}.Debug|Any CPU.Build.0 = Debug|Any CPU
		{25FD6BE1-B9E0-4742-B4B1-64C42AC40DC6}.Release|Any CPU.ActiveCfg = Release|Any CPU
		{25FD6BE1-B9E0-4742-B4B1-64C42AC40DC6}.Release|Any CPU.Build.0 = Release|Any CPU
		{2F221756-228A-4FDE-AEAA-3903BC76C2F3}.Debug|Any CPU.ActiveCfg = Debug|Any CPU
		{2F221756-228A-4FDE-AEAA-3903BC76C2F3}.Debug|Any CPU.Build.0 = Debug|Any CPU
		{2F221756-228A-4FDE-AEAA-3903BC76C2F3}.Release|Any CPU.ActiveCfg = Release|Any CPU
		{2F221756-228A-4FDE-AEAA-3903BC76C2F3}.Release|Any CPU.Build.0 = Release|Any CPU
		{40156043-931A-48B6-B8BF-A426524E9BA3}.Debug|Any CPU.ActiveCfg = Debug|Any CPU
		{40156043-931A-48B6-B8BF-A426524E9BA3}.Debug|Any CPU.Build.0 = Debug|Any CPU
		{40156043-931A-48B6-B8BF-A426524E9BA3}.Release|Any CPU.ActiveCfg = Release|Any CPU
		{40156043-931A-48B6-B8BF-A426524E9BA3}.Release|Any CPU.Build.0 = Release|Any CPU
	EndGlobalSection
	GlobalSection(SolutionProperties) = preSolution
		HideSolutionNode = FALSE
	EndGlobalSection
	GlobalSection(ExtensibilityGlobals) = postSolution
		SolutionGuid = {2AE49E49-2441-47F9-88CE-120AA7F7CC70}
	EndGlobalSection
EndGlobal
